
Microsoft Visual Studio Solution File, Format Version 12.00
Project("{FAE04EC0-301F-11D3-BF4B-00C04F79EFBC}") = "TodoList", "TodoList\TodoList.csproj", "{FA48BD5B-4A22-404D-AE37-71FB62736D43}"
EndProject
Project("{FAE04EC0-301F-11D3-BF4B-00C04F79EFBC}") = "Names_SRP", "Names_SRP\Names_SRP.csproj", "{8776B9AD-EF2E-4898-B16C-DDA6CFFDBB97}"
EndProject
Project("{FAE04EC0-301F-11D3-BF4B-00C04F79EFBC}") = "DiceRollGame", "DiceRollGame\DiceRollGame.csproj", "{B77BA9A4-F88E-4180-91F5-49CAB4841AA8}"
EndProject
Project("{FAE04EC0-301F-11D3-BF4B-00C04F79EFBC}") = "Abstract", "Abstract\Abstract.csproj", "{5C583E82-4194-46A8-A325-B521C276DF46}"
EndProject
Project("{FAE04EC0-301F-11D3-BF4B-00C04F79EFBC}") = "Interfaces", "Interfaces\Interfaces.csproj", "{5F52CC33-9EE7-4E64-9A58-9E6BBA0D70AB}"
EndProject
Project("{FAE04EC0-301F-11D3-BF4B-00C04F79EFBC}") = "Cookbook", "Cookbook\Cookbook.csproj", "{92A8A9D2-3C17-4B44-94EC-083657BDF055}"
EndProject
Project("{FAE04EC0-301F-11D3-BF4B-00C04F79EFBC}") = "Exceptions", "Exceptions\Exceptions.csproj", "{C6B67C77-3890-4E4B-AADF-1DAFA3184221}"
EndProject
Project("{FAE04EC0-301F-11D3-BF4B-00C04F79EFBC}") = "GameDataParser", "GameDataParser\GameDataParser.csproj", "{39D801B5-C505-4AA8-A124-4599655A19E4}"
EndProject
Project("{FAE04EC0-301F-11D3-BF4B-00C04F79EFBC}") = "GenericTypes", "GenericTypes\GenericTypes.csproj", "{AB1A7A50-F56F-4D98-BA36-E0F58D4EAF31}"
EndProject
Project("{FAE04EC0-301F-11D3-BF4B-00C04F79EFBC}") = "Dictionaries", "Dictionaries\Dictionaries.csproj", "{1B2D5B17-F3A9-48B8-BA38-028D1D14B164}"
EndProject
Project("{FAE04EC0-301F-11D3-BF4B-00C04F79EFBC}") = "CustomCache", "CustomCache\CustomCache.csproj", "{73AEEE09-8040-42CB-B1CC-903F3DC52C6F}"
EndProject
Global
	GlobalSection(SolutionConfigurationPlatforms) = preSolution
		Debug|Any CPU = Debug|Any CPU
		Release|Any CPU = Release|Any CPU
	EndGlobalSection
	GlobalSection(ProjectConfigurationPlatforms) = postSolution
		{FA48BD5B-4A22-404D-AE37-71FB62736D43}.Debug|Any CPU.ActiveCfg = Debug|Any CPU
		{FA48BD5B-4A22-404D-AE37-71FB62736D43}.Debug|Any CPU.Build.0 = Debug|Any CPU
		{FA48BD5B-4A22-404D-AE37-71FB62736D43}.Release|Any CPU.ActiveCfg = Release|Any CPU
		{FA48BD5B-4A22-404D-AE37-71FB62736D43}.Release|Any CPU.Build.0 = Release|Any CPU
		{8776B9AD-EF2E-4898-B16C-DDA6CFFDBB97}.Debug|Any CPU.ActiveCfg = Debug|Any CPU
		{8776B9AD-EF2E-4898-B16C-DDA6CFFDBB97}.Debug|Any CPU.Build.0 = Debug|Any CPU
		{8776B9AD-EF2E-4898-B16C-DDA6CFFDBB97}.Release|Any CPU.ActiveCfg = Release|Any CPU
		{8776B9AD-EF2E-4898-B16C-DDA6CFFDBB97}.Release|Any CPU.Build.0 = Release|Any CPU
		{B77BA9A4-F88E-4180-91F5-49CAB4841AA8}.Debug|Any CPU.ActiveCfg = Debug|Any CPU
		{B77BA9A4-F88E-4180-91F5-49CAB4841AA8}.Debug|Any CPU.Build.0 = Debug|Any CPU
		{B77BA9A4-F88E-4180-91F5-49CAB4841AA8}.Release|Any CPU.ActiveCfg = Release|Any CPU
		{B77BA9A4-F88E-4180-91F5-49CAB4841AA8}.Release|Any CPU.Build.0 = Release|Any CPU
		{5C583E82-4194-46A8-A325-B521C276DF46}.Debug|Any CPU.ActiveCfg = Debug|Any CPU
		{5C583E82-4194-46A8-A325-B521C276DF46}.Debug|Any CPU.Build.0 = Debug|Any CPU
		{5C583E82-4194-46A8-A325-B521C276DF46}.Release|Any CPU.ActiveCfg = Release|Any CPU
		{5C583E82-4194-46A8-A325-B521C276DF46}.Release|Any CPU.Build.0 = Release|Any CPU
		{5F52CC33-9EE7-4E64-9A58-9E6BBA0D70AB}.Debug|Any CPU.ActiveCfg = Debug|Any CPU
		{5F52CC33-9EE7-4E64-9A58-9E6BBA0D70AB}.Debug|Any CPU.Build.0 = Debug|Any CPU
		{5F52CC33-9EE7-4E64-9A58-9E6BBA0D70AB}.Release|Any CPU.ActiveCfg = Release|Any CPU
		{5F52CC33-9EE7-4E64-9A58-9E6BBA0D70AB}.Release|Any CPU.Build.0 = Release|Any CPU
		{92A8A9D2-3C17-4B44-94EC-083657BDF055}.Debug|Any CPU.ActiveCfg = Debug|Any CPU
		{92A8A9D2-3C17-4B44-94EC-083657BDF055}.Debug|Any CPU.Build.0 = Debug|Any CPU
		{92A8A9D2-3C17-4B44-94EC-083657BDF055}.Release|Any CPU.ActiveCfg = Release|Any CPU
		{92A8A9D2-3C17-4B44-94EC-083657BDF055}.Release|Any CPU.Build.0 = Release|Any CPU
		{C6B67C77-3890-4E4B-AADF-1DAFA3184221}.Debug|Any CPU.ActiveCfg = Debug|Any CPU
		{C6B67C77-3890-4E4B-AADF-1DAFA3184221}.Debug|Any CPU.Build.0 = Debug|Any CPU
		{C6B67C77-3890-4E4B-AADF-1DAFA3184221}.Release|Any CPU.ActiveCfg = Release|Any CPU
		{C6B67C77-3890-4E4B-AADF-1DAFA3184221}.Release|Any CPU.Build.0 = Release|Any CPU
		{39D801B5-C505-4AA8-A124-4599655A19E4}.Debug|Any CPU.ActiveCfg = Debug|Any CPU
		{39D801B5-C505-4AA8-A124-4599655A19E4}.Debug|Any CPU.Build.0 = Debug|Any CPU
		{39D801B5-C505-4AA8-A124-4599655A19E4}.Release|Any CPU.ActiveCfg = Release|Any CPU
		{39D801B5-C505-4AA8-A124-4599655A19E4}.Release|Any CPU.Build.0 = Release|Any CPU
		{AB1A7A50-F56F-4D98-BA36-E0F58D4EAF31}.Debug|Any CPU.ActiveCfg = Debug|Any CPU
		{AB1A7A50-F56F-4D98-BA36-E0F58D4EAF31}.Debug|Any CPU.Build.0 = Debug|Any CPU
		{AB1A7A50-F56F-4D98-BA36-E0F58D4EAF31}.Release|Any CPU.ActiveCfg = Release|Any CPU
		{AB1A7A50-F56F-4D98-BA36-E0F58D4EAF31}.Release|Any CPU.Build.0 = Release|Any CPU
		{1B2D5B17-F3A9-48B8-BA38-028D1D14B164}.Debug|Any CPU.ActiveCfg = Debug|Any CPU
		{1B2D5B17-F3A9-48B8-BA38-028D1D14B164}.Debug|Any CPU.Build.0 = Debug|Any CPU
		{1B2D5B17-F3A9-48B8-BA38-028D1D14B164}.Release|Any CPU.ActiveCfg = Release|Any CPU
		{1B2D5B17-F3A9-48B8-BA38-028D1D14B164}.Release|Any CPU.Build.0 = Release|Any CPU
		{73AEEE09-8040-42CB-B1CC-903F3DC52C6F}.Debug|Any CPU.ActiveCfg = Debug|Any CPU
		{73AEEE09-8040-42CB-B1CC-903F3DC52C6F}.Debug|Any CPU.Build.0 = Debug|Any CPU
		{73AEEE09-8040-42CB-B1CC-903F3DC52C6F}.Release|Any CPU.ActiveCfg = Release|Any CPU
		{73AEEE09-8040-42CB-B1CC-903F3DC52C6F}.Release|Any CPU.Build.0 = Release|Any CPU
	EndGlobalSection
EndGlobal
