
Microsoft Visual Studio Solution File, Format Version 12.00
Project("{FAE04EC0-301F-11D3-BF4B-00C04F79EFBC}") = "TodoList", "TodoList\TodoList.csproj", "{FA48BD5B-4A22-404D-AE37-71FB62736D43}"
EndProject
Project("{FAE04EC0-301F-11D3-BF4B-00C04F79EFBC}") = "Names_SRP", "Names_SRP\Names_SRP.csproj", "{8776B9AD-EF2E-4898-B16C-DDA6CFFDBB97}"
EndProject
Project("{FAE04EC0-301F-11D3-BF4B-00C04F79EFBC}") = "DiceRollGame", "DiceRollGame\DiceRollGame.csproj", "{B77BA9A4-F88E-4180-91F5-49CAB4841AA8}"
EndProject
Global
	GlobalSection(SolutionConfigurationPlatforms) = preSolution
		Debug|Any CPU = Debug|Any CPU
		Release|Any CPU = Release|Any CPU
	EndGlobalSection
	GlobalSection(ProjectConfigurationPlatforms) = postSolution
		{FA48BD5B-4A22-404D-AE37-71FB62736D43}.Debug|Any CPU.ActiveCfg = Debug|Any CPU
		{FA48BD5B-4A22-404D-AE37-71FB62736D43}.Debug|Any CPU.Build.0 = Debug|Any CPU
		{FA48BD5B-4A22-404D-AE37-71FB62736D43}.Release|Any CPU.ActiveCfg = Release|Any CPU
		{FA48BD5B-4A22-404D-AE37-71FB62736D43}.Release|Any CPU.Build.0 = Release|Any CPU
		{8776B9AD-EF2E-4898-B16C-DDA6CFFDBB97}.Debug|Any CPU.ActiveCfg = Debug|Any CPU
		{8776B9AD-EF2E-4898-B16C-DDA6CFFDBB97}.Debug|Any CPU.Build.0 = Debug|Any CPU
		{8776B9AD-EF2E-4898-B16C-DDA6CFFDBB97}.Release|Any CPU.ActiveCfg = Release|Any CPU
		{8776B9AD-EF2E-4898-B16C-DDA6CFFDBB97}.Release|Any CPU.Build.0 = Release|Any CPU
		{B77BA9A4-F88E-4180-91F5-49CAB4841AA8}.Debug|Any CPU.ActiveCfg = Debug|Any CPU
		{B77BA9A4-F88E-4180-91F5-49CAB4841AA8}.Debug|Any CPU.Build.0 = Debug|Any CPU
		{B77BA9A4-F88E-4180-91F5-49CAB4841AA8}.Release|Any CPU.ActiveCfg = Release|Any CPU
		{B77BA9A4-F88E-4180-91F5-49CAB4841AA8}.Release|Any CPU.Build.0 = Release|Any CPU
	EndGlobalSection
EndGlobal
